
Microsoft Visual Studio Solution File, Format Version 12.00
# Visual Studio Version 17
VisualStudioVersion = 17.7.34031.279
MinimumVisualStudioVersion = 10.0.40219.1
Project("{FAE04EC0-301F-11D3-BF4B-00C04F79EFBC}") = "WpfApp2", "WpfApp2\WpfApp2.csproj", "{49A94A79-1753-4F53-98C9-5A3CA87D1DE5}"
EndProject
Global
	GlobalSection(SolutionConfigurationPlatforms) = preSolution
		Debug|Any CPU = Debug|Any CPU
		Release|Any CPU = Release|Any CPU
	EndGlobalSection
	GlobalSection(ProjectConfigurationPlatforms) = postSolution
		{49A94A79-1753-4F53-98C9-5A3CA87D1DE5}.Debug|Any CPU.ActiveCfg = Debug|Any CPU
		{49A94A79-1753-4F53-98C9-5A3CA87D1DE5}.Debug|Any CPU.Build.0 = Debug|Any CPU
		{49A94A79-1753-4F53-98C9-5A3CA87D1DE5}.Release|Any CPU.ActiveCfg = Release|Any CPU
		{49A94A79-1753-4F53-98C9-5A3CA87D1DE5}.Release|Any CPU.Build.0 = Release|Any CPU
	EndGlobalSection
	GlobalSection(SolutionProperties) = preSolution
		HideSolutionNode = FALSE
	EndGlobalSection
	GlobalSection(ExtensibilityGlobals) = postSolution
		SolutionGuid = {54024C06-C14B-475C-9EE3-1A2D23B3073A}
	EndGlobalSection
EndGlobal
